
Microsoft Visual Studio Solution File, Format Version 12.00
# Visual Studio Version 17
VisualStudioVersion = 17.2.32616.157
MinimumVisualStudioVersion = 10.0.40219.1
Project("{FAE04EC0-301F-11D3-BF4B-00C04F79EFBC}") = "MatrixTranspose", "MatrixTranspose.csproj", "{BB272EF9-6DC0-4F5F-911E-72ACF1A84D34}"
EndProject
Global
	GlobalSection(SolutionConfigurationPlatforms) = preSolution
		Debug|Any CPU = Debug|Any CPU
		Release|Any CPU = Release|Any CPU
	EndGlobalSection
	GlobalSection(ProjectConfigurationPlatforms) = postSolution
		{BB272EF9-6DC0-4F5F-911E-72ACF1A84D34}.Debug|Any CPU.ActiveCfg = Debug|Any CPU
		{BB272EF9-6DC0-4F5F-911E-72ACF1A84D34}.Debug|Any CPU.Build.0 = Debug|Any CPU
		{BB272EF9-6DC0-4F5F-911E-72ACF1A84D34}.Release|Any CPU.ActiveCfg = Release|Any CPU
		{BB272EF9-6DC0-4F5F-911E-72ACF1A84D34}.Release|Any CPU.Build.0 = Release|Any CPU
	EndGlobalSection
	GlobalSection(SolutionProperties) = preSolution
		HideSolutionNode = FALSE
	EndGlobalSection
	GlobalSection(ExtensibilityGlobals) = postSolution
		SolutionGuid = {ACD36F32-7D9F-44EB-B2FB-5B148B48A8D0}
	EndGlobalSection
EndGlobal
